
Microsoft Visual Studio Solution File, Format Version 12.00
# Visual Studio Version 17
VisualStudioVersion = 17.11.35222.181
MinimumVisualStudioVersion = 10.0.40219.1
Project("{FAE04EC0-301F-11D3-BF4B-00C04F79EFBC}") = "Scenario 1", "Scenario 1\Scenario 1.csproj", "{868C2046-A2C0-41FD-9944-A4F74F716A8F}"
EndProject
Project("{FAE04EC0-301F-11D3-BF4B-00C04F79EFBC}") = "Scenario1.Tests", "Scenario1.Tests\Scenario1.Tests.csproj", "{EDB91741-DF7F-462C-9AC9-F6E189CD6ACB}"
EndProject
Global
	GlobalSection(SolutionConfigurationPlatforms) = preSolution
		Debug|Any CPU = Debug|Any CPU
		Release|Any CPU = Release|Any CPU
	EndGlobalSection
	GlobalSection(ProjectConfigurationPlatforms) = postSolution
		{868C2046-A2C0-41FD-9944-A4F74F716A8F}.Debug|Any CPU.ActiveCfg = Debug|Any CPU
		{868C2046-A2C0-41FD-9944-A4F74F716A8F}.Debug|Any CPU.Build.0 = Debug|Any CPU
		{868C2046-A2C0-41FD-9944-A4F74F716A8F}.Release|Any CPU.ActiveCfg = Release|Any CPU
		{868C2046-A2C0-41FD-9944-A4F74F716A8F}.Release|Any CPU.Build.0 = Release|Any CPU
		{EDB91741-DF7F-462C-9AC9-F6E189CD6ACB}.Debug|Any CPU.ActiveCfg = Debug|Any CPU
		{EDB91741-DF7F-462C-9AC9-F6E189CD6ACB}.Debug|Any CPU.Build.0 = Debug|Any CPU
		{EDB91741-DF7F-462C-9AC9-F6E189CD6ACB}.Release|Any CPU.ActiveCfg = Release|Any CPU
		{EDB91741-DF7F-462C-9AC9-F6E189CD6ACB}.Release|Any CPU.Build.0 = Release|Any CPU
	EndGlobalSection
	GlobalSection(SolutionProperties) = preSolution
		HideSolutionNode = FALSE
	EndGlobalSection
	GlobalSection(ExtensibilityGlobals) = postSolution
		SolutionGuid = {CED385AA-E0CD-4E6D-B6C4-7AB31C176B96}
	EndGlobalSection
EndGlobal
